
Microsoft Visual Studio Solution File, Format Version 12.00
# Visual Studio 15
VisualStudioVersion = 15.0.27130.2024
MinimumVisualStudioVersion = 10.0.40219.1
Project("{FAE04EC0-301F-11D3-BF4B-00C04F79EFBC}") = "Class1Prep3", "Class1Prep3\Class1Prep3.csproj", "{4DBD7941-F779-481B-B34D-607D790C278D}"
EndProject
Global
	GlobalSection(SolutionConfigurationPlatforms) = preSolution
		Debug|Any CPU = Debug|Any CPU
		Release|Any CPU = Release|Any CPU
	EndGlobalSection
	GlobalSection(ProjectConfigurationPlatforms) = postSolution
		{4DBD7941-F779-481B-B34D-607D790C278D}.Debug|Any CPU.ActiveCfg = Debug|Any CPU
		{4DBD7941-F779-481B-B34D-607D790C278D}.Debug|Any CPU.Build.0 = Debug|Any CPU
		{4DBD7941-F779-481B-B34D-607D790C278D}.Release|Any CPU.ActiveCfg = Release|Any CPU
		{4DBD7941-F779-481B-B34D-607D790C278D}.Release|Any CPU.Build.0 = Release|Any CPU
	EndGlobalSection
	GlobalSection(SolutionProperties) = preSolution
		HideSolutionNode = FALSE
	EndGlobalSection
	GlobalSection(ExtensibilityGlobals) = postSolution
		SolutionGuid = {0F58D18E-7B78-4075-AEFC-04F7C8B7F917}
	EndGlobalSection
EndGlobal
